
Microsoft Visual Studio Solution File, Format Version 12.00
# Visual Studio Version 17
VisualStudioVersion = 17.5.002.0
MinimumVisualStudioVersion = 10.0.40219.1
Project("{9A19103F-16F7-4668-BE54-9A1E7A4F7556}") = "CommandsService", "CommandsService.csproj", "{1654F376-EC73-40B3-8ADB-7423ECA51574}"
EndProject
Global
	GlobalSection(SolutionConfigurationPlatforms) = preSolution
		Debug|Any CPU = Debug|Any CPU
		Release|Any CPU = Release|Any CPU
	EndGlobalSection
	GlobalSection(ProjectConfigurationPlatforms) = postSolution
		{1654F376-EC73-40B3-8ADB-7423ECA51574}.Debug|Any CPU.ActiveCfg = Debug|Any CPU
		{1654F376-EC73-40B3-8ADB-7423ECA51574}.Debug|Any CPU.Build.0 = Debug|Any CPU
		{1654F376-EC73-40B3-8ADB-7423ECA51574}.Release|Any CPU.ActiveCfg = Release|Any CPU
		{1654F376-EC73-40B3-8ADB-7423ECA51574}.Release|Any CPU.Build.0 = Release|Any CPU
	EndGlobalSection
	GlobalSection(SolutionProperties) = preSolution
		HideSolutionNode = FALSE
	EndGlobalSection
	GlobalSection(ExtensibilityGlobals) = postSolution
		SolutionGuid = {AB6029BD-FB11-4BF2-B022-1A1660B0E24F}
	EndGlobalSection
EndGlobal
